
Microsoft Visual Studio Solution File, Format Version 12.00
# Visual Studio Version 16
VisualStudioVersion = 16.0.30611.23
MinimumVisualStudioVersion = 10.0.40219.1
Project("{FAE04EC0-301F-11D3-BF4B-00C04F79EFBC}") = "PromFutureTestWork", "PromFutureTestWork\PromFutureTestWork.csproj", "{AA6BF2D4-8D0A-442C-8138-8D73F3DC0993}"
EndProject
Global
	GlobalSection(SolutionConfigurationPlatforms) = preSolution
		Debug|Any CPU = Debug|Any CPU
		Release|Any CPU = Release|Any CPU
	EndGlobalSection
	GlobalSection(ProjectConfigurationPlatforms) = postSolution
		{AA6BF2D4-8D0A-442C-8138-8D73F3DC0993}.Debug|Any CPU.ActiveCfg = Debug|Any CPU
		{AA6BF2D4-8D0A-442C-8138-8D73F3DC0993}.Debug|Any CPU.Build.0 = Debug|Any CPU
		{AA6BF2D4-8D0A-442C-8138-8D73F3DC0993}.Release|Any CPU.ActiveCfg = Release|Any CPU
		{AA6BF2D4-8D0A-442C-8138-8D73F3DC0993}.Release|Any CPU.Build.0 = Release|Any CPU
	EndGlobalSection
	GlobalSection(SolutionProperties) = preSolution
		HideSolutionNode = FALSE
	EndGlobalSection
	GlobalSection(ExtensibilityGlobals) = postSolution
		SolutionGuid = {13603A74-4A18-4B5F-8D02-20693B54445A}
	EndGlobalSection
EndGlobal
